
Microsoft Visual Studio Solution File, Format Version 12.00
# Visual Studio Version 16
VisualStudioVersion = 16.0.30523.141
MinimumVisualStudioVersion = 10.0.40219.1
Project("{FAE04EC0-301F-11D3-BF4B-00C04F79EFBC}") = "PathSystemServer", "PathSystemServer\PathSystemServer.csproj", "{198ECF0C-F6E0-424A-A947-7B8F239811FB}"
EndProject
Global
	GlobalSection(SolutionConfigurationPlatforms) = preSolution
		Debug|Any CPU = Debug|Any CPU
		Release|Any CPU = Release|Any CPU
	EndGlobalSection
	GlobalSection(ProjectConfigurationPlatforms) = postSolution
		{198ECF0C-F6E0-424A-A947-7B8F239811FB}.Debug|Any CPU.ActiveCfg = Debug|Any CPU
		{198ECF0C-F6E0-424A-A947-7B8F239811FB}.Debug|Any CPU.Build.0 = Debug|Any CPU
		{198ECF0C-F6E0-424A-A947-7B8F239811FB}.Release|Any CPU.ActiveCfg = Release|Any CPU
		{198ECF0C-F6E0-424A-A947-7B8F239811FB}.Release|Any CPU.Build.0 = Release|Any CPU
	EndGlobalSection
	GlobalSection(SolutionProperties) = preSolution
		HideSolutionNode = FALSE
	EndGlobalSection
	GlobalSection(ExtensibilityGlobals) = postSolution
		SolutionGuid = {D6317B77-EA5A-46ED-995E-7A4920DD0C52}
	EndGlobalSection
EndGlobal
